
Microsoft Visual Studio Solution File, Format Version 12.00
# Visual Studio Version 16
VisualStudioVersion = 16.0.30517.126
MinimumVisualStudioVersion = 10.0.40219.1
Project("{FAE04EC0-301F-11D3-BF4B-00C04F79EFBC}") = "Midterm2020", "Midterm2020\Midterm2020.csproj", "{38C14F3C-56E5-4693-BD01-CA2D7B26FC00}"
EndProject
Global
	GlobalSection(SolutionConfigurationPlatforms) = preSolution
		Debug|Any CPU = Debug|Any CPU
		Release|Any CPU = Release|Any CPU
	EndGlobalSection
	GlobalSection(ProjectConfigurationPlatforms) = postSolution
		{38C14F3C-56E5-4693-BD01-CA2D7B26FC00}.Debug|Any CPU.ActiveCfg = Debug|Any CPU
		{38C14F3C-56E5-4693-BD01-CA2D7B26FC00}.Debug|Any CPU.Build.0 = Debug|Any CPU
		{38C14F3C-56E5-4693-BD01-CA2D7B26FC00}.Release|Any CPU.ActiveCfg = Release|Any CPU
		{38C14F3C-56E5-4693-BD01-CA2D7B26FC00}.Release|Any CPU.Build.0 = Release|Any CPU
	EndGlobalSection
	GlobalSection(SolutionProperties) = preSolution
		HideSolutionNode = FALSE
	EndGlobalSection
	GlobalSection(ExtensibilityGlobals) = postSolution
		SolutionGuid = {6FB01444-5DC4-434E-8F33-B3F3C30C5689}
	EndGlobalSection
EndGlobal
